<Solution>
  <Folder Name="/src/">
    <Project Path="src/Bzn.Cloudios.Application/Bzn.Cloudios.Application.csproj" />
    <Project Path="src/Bzn.Cloudios.Domain/Bzn.Cloudios.Domain.csproj" />
    <Project Path="src/Bzn.Cloudios.Infrastructure/Bzn.Cloudios.Infrastructure.csproj" />
    <Project Path="src/Bzn.Cloudios.WebAPI/Bzn.Cloudios.WebAPI.csproj" />
    <Project Path="src/Bzn.Cloudios.WebApp/Bzn.Cloudios.WebApp.csproj" />
  </Folder>
  <Folder Name="/tests/">
    <Project Path="tests/Bzn.Cloudios.Tests/Bzn.Cloudios.Tests.csproj" />
  </Folder>
</Solution>
